
Microsoft Visual Studio Solution File, Format Version 12.00
# Visual Studio Version 17
VisualStudioVersion = 17.0.32112.339
MinimumVisualStudioVersion = 10.0.40219.1
Project("{FAE04EC0-301F-11D3-BF4B-00C04F79EFBC}") = "Tupiniquin.ConsoleApp", "Tupiniquin.ConsoleApp\Tupiniquin.ConsoleApp.csproj", "{10D99C0D-C8A4-4063-B751-D7B2F52CEE34}"
EndProject
Global
	GlobalSection(SolutionConfigurationPlatforms) = preSolution
		Debug|Any CPU = Debug|Any CPU
		Release|Any CPU = Release|Any CPU
	EndGlobalSection
	GlobalSection(ProjectConfigurationPlatforms) = postSolution
		{10D99C0D-C8A4-4063-B751-D7B2F52CEE34}.Debug|Any CPU.ActiveCfg = Debug|Any CPU
		{10D99C0D-C8A4-4063-B751-D7B2F52CEE34}.Debug|Any CPU.Build.0 = Debug|Any CPU
		{10D99C0D-C8A4-4063-B751-D7B2F52CEE34}.Release|Any CPU.ActiveCfg = Release|Any CPU
		{10D99C0D-C8A4-4063-B751-D7B2F52CEE34}.Release|Any CPU.Build.0 = Release|Any CPU
	EndGlobalSection
	GlobalSection(SolutionProperties) = preSolution
		HideSolutionNode = FALSE
	EndGlobalSection
	GlobalSection(ExtensibilityGlobals) = postSolution
		SolutionGuid = {2E547D04-68B8-47FF-A8E1-7DEC918FD949}
	EndGlobalSection
EndGlobal
